
Microsoft Visual Studio Solution File, Format Version 12.00
# Visual Studio Version 16
VisualStudioVersion = 16.0.31727.386
MinimumVisualStudioVersion = 10.0.40219.1
Project("{FAE04EC0-301F-11D3-BF4B-00C04F79EFBC}") = "StudentList", "StudentList.csproj", "{78C661F0-CDBE-4F22-8CD0-4FF24FE5D3EF}"
EndProject
Global
	GlobalSection(SolutionConfigurationPlatforms) = preSolution
		Debug|Any CPU = Debug|Any CPU
		Release|Any CPU = Release|Any CPU
	EndGlobalSection
	GlobalSection(ProjectConfigurationPlatforms) = postSolution
		{78C661F0-CDBE-4F22-8CD0-4FF24FE5D3EF}.Debug|Any CPU.ActiveCfg = Debug|Any CPU
		{78C661F0-CDBE-4F22-8CD0-4FF24FE5D3EF}.Debug|Any CPU.Build.0 = Debug|Any CPU
		{78C661F0-CDBE-4F22-8CD0-4FF24FE5D3EF}.Release|Any CPU.ActiveCfg = Release|Any CPU
		{78C661F0-CDBE-4F22-8CD0-4FF24FE5D3EF}.Release|Any CPU.Build.0 = Release|Any CPU
	EndGlobalSection
	GlobalSection(SolutionProperties) = preSolution
		HideSolutionNode = FALSE
	EndGlobalSection
	GlobalSection(ExtensibilityGlobals) = postSolution
		SolutionGuid = {50EF3A18-5C4B-4853-86D0-F82DEBD99386}
	EndGlobalSection
EndGlobal
